// !$*UTF8*$!
{
	archiveVersion = 1;
	classes = {
	};
	objectVersion = 46;
	objects = {

/* Begin PBXBuildFile section */
		AF8FAF0F1A743B8A00EE0934 /* main.m in Sources */ = {isa = PBXBuildFile; fileRef = AF8FAF0E1A743B8A00EE0934 /* main.m */; };
		AF8FAF121A743B8A00EE0934 /* AppDelegate.m in Sources */ = {isa = PBXBuildFile; fileRef = AF8FAF111A743B8A00EE0934 /* AppDelegate.m */; };
		AF8FAF151A743B8A00EE0934 /* OnTime.xcdatamodeld in Sources */ = {isa = PBXBuildFile; fileRef = AF8FAF131A743B8A00EE0934 /* OnTime.xcdatamodeld */; };
		AF8FAF1B1A743B8A00EE0934 /* Main.storyboard in Resources */ = {isa = PBXBuildFile; fileRef = AF8FAF191A743B8A00EE0934 /* Main.storyboard */; };
		AF8FAF1D1A743B8A00EE0934 /* Images.xcassets in Resources */ = {isa = PBXBuildFile; fileRef = AF8FAF1C1A743B8A00EE0934 /* Images.xcassets */; };
		AF8FAF201A743B8A00EE0934 /* LaunchScreen.xib in Resources */ = {isa = PBXBuildFile; fileRef = AF8FAF1E1A743B8A00EE0934 /* LaunchScreen.xib */; };
		AF8FAF2C1A743B8A00EE0934 /* OnTimeTests.m in Sources */ = {isa = PBXBuildFile; fileRef = AF8FAF2B1A743B8A00EE0934 /* OnTimeTests.m */; };
		AF8FAF371A743C2900EE0934 /* CouchbaseLite.framework in Frameworks */ = {isa = PBXBuildFile; fileRef = AF8FAF351A743C2900EE0934 /* CouchbaseLite.framework */; };
		AF8FAF3A1A743C5B00EE0934 /* CoreData.framework in Frameworks */ = {isa = PBXBuildFile; fileRef = AF8FAF391A743C5B00EE0934 /* CoreData.framework */; };
		AF8FAF3C1A743C6000EE0934 /* CoreLocation.framework in Frameworks */ = {isa = PBXBuildFile; fileRef = AF8FAF3B1A743C6000EE0934 /* CoreLocation.framework */; };
		AF8FAF3E1A743C6A00EE0934 /* MapKit.framework in Frameworks */ = {isa = PBXBuildFile; fileRef = AF8FAF3D1A743C6A00EE0934 /* MapKit.framework */; };
		AF8FAF411A743F5900EE0934 /* SignIn_View.m in Sources */ = {isa = PBXBuildFile; fileRef = AF8FAF401A743F5900EE0934 /* SignIn_View.m */; };
		AF8FAF441A743F6B00EE0934 /* MainReminder_View.m in Sources */ = {isa = PBXBuildFile; fileRef = AF8FAF431A743F6B00EE0934 /* MainReminder_View.m */; };
		AF8FAF471A743F7E00EE0934 /* AddItems_View.m in Sources */ = {isa = PBXBuildFile; fileRef = AF8FAF461A743F7E00EE0934 /* AddItems_View.m */; };
		AF8FAF4A1A743FA100EE0934 /* AddLocation_View.m in Sources */ = {isa = PBXBuildFile; fileRef = AF8FAF491A743FA100EE0934 /* AddLocation_View.m */; };
		AFC8E3301A7445A8007464E3 /* CFNetwork.framework in Frameworks */ = {isa = PBXBuildFile; fileRef = AFC8E32F1A7445A8007464E3 /* CFNetwork.framework */; };
		AFC8E3321A7445AF007464E3 /* Security.framework in Frameworks */ = {isa = PBXBuildFile; fileRef = AFC8E3311A7445AF007464E3 /* Security.framework */; };
		AFC8E3341A744616007464E3 /* SystemConfiguration.framework in Frameworks */ = {isa = PBXBuildFile; fileRef = AFC8E3331A744616007464E3 /* SystemConfiguration.framework */; };
		AFC8E3361A744626007464E3 /* libsqlite3.dylib in Frameworks */ = {isa = PBXBuildFile; fileRef = AFC8E3351A744626007464E3 /* libsqlite3.dylib */; };
		AFC8E3381A74462F007464E3 /* libz.dylib in Frameworks */ = {isa = PBXBuildFile; fileRef = AFC8E3371A74462F007464E3 /* libz.dylib */; };
/* End PBXBuildFile section */

/* Begin PBXContainerItemProxy section */
		AF8FAF261A743B8A00EE0934 /* PBXContainerItemProxy */ = {
			isa = PBXContainerItemProxy;
			containerPortal = AF8FAF011A743B8A00EE0934 /* Project object */;
			proxyType = 1;
			remoteGlobalIDString = AF8FAF081A743B8A00EE0934;
			remoteInfo = OnTime;
		};
/* End PBXContainerItemProxy section */

/* Begin PBXFileReference section */
		AF8FAF091A743B8A00EE0934 /* OnTime.app */ = {isa = PBXFileReference; explicitFileType = wrapper.application; includeInIndex = 0; path = OnTime.app; sourceTree = BUILT_PRODUCTS_DIR; };
		AF8FAF0D1A743B8A00EE0934 /* Info.plist */ = {isa = PBXFileReference; lastKnownFileType = text.plist.xml; path = Info.plist; sourceTree = "<group>"; };
		AF8FAF0E1A743B8A00EE0934 /* main.m */ = {isa = PBXFileReference; lastKnownFileType = sourcecode.c.objc; path = main.m; sourceTree = "<group>"; };
		AF8FAF101A743B8A00EE0934 /* AppDelegate.h */ = {isa = PBXFileReference; lastKnownFileType = sourcecode.c.h; path = AppDelegate.h; sourceTree = "<group>"; };
		AF8FAF111A743B8A00EE0934 /* AppDelegate.m */ = {isa = PBXFileReference; lastKnownFileType = sourcecode.c.objc; path = AppDelegate.m; sourceTree = "<group>"; };
		AF8FAF141A743B8A00EE0934 /* OnTime.xcdatamodel */ = {isa = PBXFileReference; lastKnownFileType = wrapper.xcdatamodel; path = OnTime.xcdatamodel; sourceTree = "<group>"; };
		AF8FAF1A1A743B8A00EE0934 /* Base */ = {isa = PBXFileReference; lastKnownFileType = file.storyboard; name = Base; path = Base.lproj/Main.storyboard; sourceTree = "<group>"; };
		AF8FAF1C1A743B8A00EE0934 /* Images.xcassets */ = {isa = PBXFileReference; lastKnownFileType = folder.assetcatalog; path = Images.xcassets; sourceTree = "<group>"; };
		AF8FAF1F1A743B8A00EE0934 /* Base */ = {isa = PBXFileReference; lastKnownFileType = file.xib; name = Base; path = Base.lproj/LaunchScreen.xib; sourceTree = "<group>"; };
		AF8FAF251A743B8A00EE0934 /* OnTimeTests.xctest */ = {isa = PBXFileReference; explicitFileType = wrapper.cfbundle; includeInIndex = 0; path = OnTimeTests.xctest; sourceTree = BUILT_PRODUCTS_DIR; };
		AF8FAF2A1A743B8A00EE0934 /* Info.plist */ = {isa = PBXFileReference; lastKnownFileType = text.plist.xml; path = Info.plist; sourceTree = "<group>"; };
		AF8FAF2B1A743B8A00EE0934 /* OnTimeTests.m */ = {isa = PBXFileReference; lastKnownFileType = sourcecode.c.objc; path = OnTimeTests.m; sourceTree = "<group>"; };
		AF8FAF351A743C2900EE0934 /* CouchbaseLite.framework */ = {isa = PBXFileReference; lastKnownFileType = wrapper.framework; path = CouchbaseLite.framework; sourceTree = "<group>"; };
		AF8FAF391A743C5B00EE0934 /* CoreData.framework */ = {isa = PBXFileReference; lastKnownFileType = wrapper.framework; name = CoreData.framework; path = System/Library/Frameworks/CoreData.framework; sourceTree = SDKROOT; };
		AF8FAF3B1A743C6000EE0934 /* CoreLocation.framework */ = {isa = PBXFileReference; lastKnownFileType = wrapper.framework; name = CoreLocation.framework; path = System/Library/Frameworks/CoreLocation.framework; sourceTree = SDKROOT; };
		AF8FAF3D1A743C6A00EE0934 /* MapKit.framework */ = {isa = PBXFileReference; lastKnownFileType = wrapper.framework; name = MapKit.framework; path = System/Library/Frameworks/MapKit.framework; sourceTree = SDKROOT; };
		AF8FAF3F1A743F5900EE0934 /* SignIn_View.h */ = {isa = PBXFileReference; fileEncoding = 4; lastKnownFileType = sourcecode.c.h; name = SignIn_View.h; path = ../SignIn_View.h; sourceTree = "<group>"; };
		AF8FAF401A743F5900EE0934 /* SignIn_View.m */ = {isa = PBXFileReference; fileEncoding = 4; lastKnownFileType = sourcecode.c.objc; name = SignIn_View.m; path = ../SignIn_View.m; sourceTree = "<group>"; };
		AF8FAF421A743F6B00EE0934 /* MainReminder_View.h */ = {isa = PBXFileReference; fileEncoding = 4; lastKnownFileType = sourcecode.c.h; name = MainReminder_View.h; path = ../MainReminder_View.h; sourceTree = "<group>"; };
		AF8FAF431A743F6B00EE0934 /* MainReminder_View.m */ = {isa = PBXFileReference; fileEncoding = 4; lastKnownFileType = sourcecode.c.objc; name = MainReminder_View.m; path = ../MainReminder_View.m; sourceTree = "<group>"; };
		AF8FAF451A743F7E00EE0934 /* AddItems_View.h */ = {isa = PBXFileReference; fileEncoding = 4; lastKnownFileType = sourcecode.c.h; path = AddItems_View.h; sourceTree = "<group>"; };
		AF8FAF461A743F7E00EE0934 /* AddItems_View.m */ = {isa = PBXFileReference; fileEncoding = 4; lastKnownFileType = sourcecode.c.objc; path = AddItems_View.m; sourceTree = "<group>"; };
		AF8FAF481A743FA100EE0934 /* AddLocation_View.h */ = {isa = PBXFileReference; fileEncoding = 4; lastKnownFileType = sourcecode.c.h; path = AddLocation_View.h; sourceTree = "<group>"; };
		AF8FAF491A743FA100EE0934 /* AddLocation_View.m */ = {isa = PBXFileReference; fileEncoding = 4; lastKnownFileType = sourcecode.c.objc; path = AddLocation_View.m; sourceTree = "<group>"; };
		AFC8E32F1A7445A8007464E3 /* CFNetwork.framework */ = {isa = PBXFileReference; lastKnownFileType = wrapper.framework; name = CFNetwork.framework; path = System/Library/Frameworks/CFNetwork.framework; sourceTree = SDKROOT; };
		AFC8E3311A7445AF007464E3 /* Security.framework */ = {isa = PBXFileReference; lastKnownFileType = wrapper.framework; name = Security.framework; path = System/Library/Frameworks/Security.framework; sourceTree = SDKROOT; };
		AFC8E3331A744616007464E3 /* SystemConfiguration.framework */ = {isa = PBXFileReference; lastKnownFileType = wrapper.framework; name = SystemConfiguration.framework; path = System/Library/Frameworks/SystemConfiguration.framework; sourceTree = SDKROOT; };
		AFC8E3351A744626007464E3 /* libsqlite3.dylib */ = {isa = PBXFileReference; lastKnownFileType = "compiled.mach-o.dylib"; name = libsqlite3.dylib; path = usr/lib/libsqlite3.dylib; sourceTree = SDKROOT; };
		AFC8E3371A74462F007464E3 /* libz.dylib */ = {isa = PBXFileReference; lastKnownFileType = "compiled.mach-o.dylib"; name = libz.dylib; path = usr/lib/libz.dylib; sourceTree = SDKROOT; };
/* End PBXFileReference section */

/* Begin PBXFrameworksBuildPhase section */
		AF8FAF061A743B8A00EE0934 /* Frameworks */ = {
			isa = PBXFrameworksBuildPhase;
			buildActionMask = 2147483647;
			files = (
				AFC8E3381A74462F007464E3 /* libz.dylib in Frameworks */,
				AFC8E3361A744626007464E3 /* libsqlite3.dylib in Frameworks */,
				AFC8E3341A744616007464E3 /* SystemConfiguration.framework in Frameworks */,
				AFC8E3321A7445AF007464E3 /* Security.framework in Frameworks */,
				AFC8E3301A7445A8007464E3 /* CFNetwork.framework in Frameworks */,
				AF8FAF3E1A743C6A00EE0934 /* MapKit.framework in Frameworks */,
				AF8FAF3C1A743C6000EE0934 /* CoreLocation.framework in Frameworks */,
				AF8FAF3A1A743C5B00EE0934 /* CoreData.framework in Frameworks */,
				AF8FAF371A743C2900EE0934 /* CouchbaseLite.framework in Frameworks */,
			);
			runOnlyForDeploymentPostprocessing = 0;
		};
		AF8FAF221A743B8A00EE0934 /* Frameworks */ = {
			isa = PBXFrameworksBuildPhase;
			buildActionMask = 2147483647;
			files = (
			);
			runOnlyForDeploymentPostprocessing = 0;
		};
/* End PBXFrameworksBuildPhase section */

/* Begin PBXGroup section */
		AF8FAF001A743B8A00EE0934 = {
			isa = PBXGroup;
			children = (
				AFC8E3371A74462F007464E3 /* libz.dylib */,
				AFC8E3351A744626007464E3 /* libsqlite3.dylib */,
				AFC8E3331A744616007464E3 /* SystemConfiguration.framework */,
				AFC8E3311A7445AF007464E3 /* Security.framework */,
				AFC8E32F1A7445A8007464E3 /* CFNetwork.framework */,
				AF8FAF3D1A743C6A00EE0934 /* MapKit.framework */,
				AF8FAF3B1A743C6000EE0934 /* CoreLocation.framework */,
				AF8FAF391A743C5B00EE0934 /* CoreData.framework */,
				AF8FAF351A743C2900EE0934 /* CouchbaseLite.framework */,
				AF8FAF0B1A743B8A00EE0934 /* OnTime */,
				AF8FAF281A743B8A00EE0934 /* OnTimeTests */,
				AF8FAF0A1A743B8A00EE0934 /* Products */,
			);
			sourceTree = "<group>";
		};
		AF8FAF0A1A743B8A00EE0934 /* Products */ = {
			isa = PBXGroup;
			children = (
				AF8FAF091A743B8A00EE0934 /* OnTime.app */,
				AF8FAF251A743B8A00EE0934 /* OnTimeTests.xctest */,
			);
			name = Products;
			sourceTree = "<group>";
		};
		AF8FAF0B1A743B8A00EE0934 /* OnTime */ = {
			isa = PBXGroup;
			children = (
				AF8FAF101A743B8A00EE0934 /* AppDelegate.h */,
				AF8FAF111A743B8A00EE0934 /* AppDelegate.m */,
				AF8FAF3F1A743F5900EE0934 /* SignIn_View.h */,
				AF8FAF401A743F5900EE0934 /* SignIn_View.m */,
				AF8FAF421A743F6B00EE0934 /* MainReminder_View.h */,
				AF8FAF431A743F6B00EE0934 /* MainReminder_View.m */,
				AF8FAF451A743F7E00EE0934 /* AddItems_View.h */,
				AF8FAF461A743F7E00EE0934 /* AddItems_View.m */,
				AF8FAF481A743FA100EE0934 /* AddLocation_View.h */,
				AF8FAF491A743FA100EE0934 /* AddLocation_View.m */,
				AF8FAF191A743B8A00EE0934 /* Main.storyboard */,
				AF8FAF1C1A743B8A00EE0934 /* Images.xcassets */,
				AF8FAF1E1A743B8A00EE0934 /* LaunchScreen.xib */,
				AF8FAF131A743B8A00EE0934 /* OnTime.xcdatamodeld */,
				AF8FAF0C1A743B8A00EE0934 /* Supporting Files */,
			);
			path = OnTime;
			sourceTree = "<group>";
		};
		AF8FAF0C1A743B8A00EE0934 /* Supporting Files */ = {
			isa = PBXGroup;
			children = (
				AF8FAF0D1A743B8A00EE0934 /* Info.plist */,
				AF8FAF0E1A743B8A00EE0934 /* main.m */,
			);
			name = "Supporting Files";
			sourceTree = "<group>";
		};
		AF8FAF281A743B8A00EE0934 /* OnTimeTests */ = {
			isa = PBXGroup;
			children = (
				AF8FAF2B1A743B8A00EE0934 /* OnTimeTests.m */,
				AF8FAF291A743B8A00EE0934 /* Supporting Files */,
			);
			path = OnTimeTests;
			sourceTree = "<group>";
		};
		AF8FAF291A743B8A00EE0934 /* Supporting Files */ = {
			isa = PBXGroup;
			children = (
				AF8FAF2A1A743B8A00EE0934 /* Info.plist */,
			);
			name = "Supporting Files";
			sourceTree = "<group>";
		};
/* End PBXGroup section */

/* Begin PBXNativeTarget section */
		AF8FAF081A743B8A00EE0934 /* OnTime */ = {
			isa = PBXNativeTarget;
			buildConfigurationList = AF8FAF2F1A743B8A00EE0934 /* Build configuration list for PBXNativeTarget "OnTime" */;
			buildPhases = (
				AF8FAF051A743B8A00EE0934 /* Sources */,
				AF8FAF061A743B8A00EE0934 /* Frameworks */,
				AF8FAF071A743B8A00EE0934 /* Resources */,
			);
			buildRules = (
			);
			dependencies = (
			);
			name = OnTime;
			productName = OnTime;
			productReference = AF8FAF091A743B8A00EE0934 /* OnTime.app */;
			productType = "com.apple.product-type.application";
		};
		AF8FAF241A743B8A00EE0934 /* OnTimeTests */ = {
			isa = PBXNativeTarget;
			buildConfigurationList = AF8FAF321A743B8A00EE0934 /* Build configuration list for PBXNativeTarget "OnTimeTests" */;
			buildPhases = (
				AF8FAF211A743B8A00EE0934 /* Sources */,
				AF8FAF221A743B8A00EE0934 /* Frameworks */,
				AF8FAF231A743B8A00EE0934 /* Resources */,
			);
			buildRules = (
			);
			dependencies = (
				AF8FAF271A743B8A00EE0934 /* PBXTargetDependency */,
			);
			name = OnTimeTests;
			productName = OnTimeTests;
			productReference = AF8FAF251A743B8A00EE0934 /* OnTimeTests.xctest */;
			productType = "com.apple.product-type.bundle.unit-test";
		};
/* End PBXNativeTarget section */

/* Begin PBXProject section */
		AF8FAF011A743B8A00EE0934 /* Project object */ = {
			isa = PBXProject;
			attributes = {
				LastUpgradeCheck = 0610;
				ORGANIZATIONNAME = "Brian Lin";
				TargetAttributes = {
					AF8FAF081A743B8A00EE0934 = {
						CreatedOnToolsVersion = 6.1.1;
					};
					AF8FAF241A743B8A00EE0934 = {
						CreatedOnToolsVersion = 6.1.1;
						TestTargetID = AF8FAF081A743B8A00EE0934;
					};
				};
			};
			buildConfigurationList = AF8FAF041A743B8A00EE0934 /* Build configuration list for PBXProject "OnTime" */;
			compatibilityVersion = "Xcode 3.2";
			developmentRegion = English;
			hasScannedForEncodings = 0;
			knownRegions = (
				en,
				Base,
			);
			mainGroup = AF8FAF001A743B8A00EE0934;
			productRefGroup = AF8FAF0A1A743B8A00EE0934 /* Products */;
			projectDirPath = "";
			projectRoot = "";
			targets = (
				AF8FAF081A743B8A00EE0934 /* OnTime */,
				AF8FAF241A743B8A00EE0934 /* OnTimeTests */,
			);
		};
/* End PBXProject section */

/* Begin PBXResourcesBuildPhase section */
		AF8FAF071A743B8A00EE0934 /* Resources */ = {
			isa = PBXResourcesBuildPhase;
			buildActionMask = 2147483647;
			files = (
				AF8FAF1B1A743B8A00EE0934 /* Main.storyboard in Resources */,
				AF8FAF201A743B8A00EE0934 /* LaunchScreen.xib in Resources */,
				AF8FAF1D1A743B8A00EE0934 /* Images.xcassets in Resources */,
			);
			runOnlyForDeploymentPostprocessing = 0;
		};
		AF8FAF231A743B8A00EE0934 /* Resources */ = {
			isa = PBXResourcesBuildPhase;
			buildActionMask = 2147483647;
			files = (
			);
			runOnlyForDeploymentPostprocessing = 0;
		};
/* End PBXResourcesBuildPhase section */

/* Begin PBXSourcesBuildPhase section */
		AF8FAF051A743B8A00EE0934 /* Sources */ = {
			isa = PBXSourcesBuildPhase;
			buildActionMask = 2147483647;
			files = (
				AF8FAF121A743B8A00EE0934 /* AppDelegate.m in Sources */,
				AF8FAF151A743B8A00EE0934 /* OnTime.xcdatamodeld in Sources */,
				AF8FAF411A743F5900EE0934 /* SignIn_View.m in Sources */,
				AF8FAF4A1A743FA100EE0934 /* AddLocation_View.m in Sources */,
				AF8FAF0F1A743B8A00EE0934 /* main.m in Sources */,
				AF8FAF441A743F6B00EE0934 /* MainReminder_View.m in Sources */,
				AF8FAF471A743F7E00EE0934 /* AddItems_View.m in Sources */,
			);
			runOnlyForDeploymentPostprocessing = 0;
		};
		AF8FAF211A743B8A00EE0934 /* Sources */ = {
			isa = PBXSourcesBuildPhase;
			buildActionMask = 2147483647;
			files = (
				AF8FAF2C1A743B8A00EE0934 /* OnTimeTests.m in Sources */,
			);
			runOnlyForDeploymentPostprocessing = 0;
		};
/* End PBXSourcesBuildPhase section */

/* Begin PBXTargetDependency section */
		AF8FAF271A743B8A00EE0934 /* PBXTargetDependency */ = {
			isa = PBXTargetDependency;
			target = AF8FAF081A743B8A00EE0934 /* OnTime */;
			targetProxy = AF8FAF261A743B8A00EE0934 /* PBXContainerItemProxy */;
		};
/* End PBXTargetDependency section */

/* Begin PBXVariantGroup section */
		AF8FAF191A743B8A00EE0934 /* Main.storyboard */ = {
			isa = PBXVariantGroup;
			children = (
				AF8FAF1A1A743B8A00EE0934 /* Base */,
			);
			name = Main.storyboard;
			sourceTree = "<group>";
		};
		AF8FAF1E1A743B8A00EE0934 /* LaunchScreen.xib */ = {
			isa = PBXVariantGroup;
			children = (
				AF8FAF1F1A743B8A00EE0934 /* Base */,
			);
			name = LaunchScreen.xib;
			sourceTree = "<group>";
		};
/* End PBXVariantGroup section */

/* Begin XCBuildConfiguration section */
		AF8FAF2D1A743B8A00EE0934 /* Debug */ = {
			isa = XCBuildConfiguration;
			buildSettings = {
				ALWAYS_SEARCH_USER_PATHS = NO;
				CLANG_CXX_LANGUAGE_STANDARD = "gnu++0x";
				CLANG_CXX_LIBRARY = "libc++";
				CLANG_ENABLE_MODULES = YES;
				CLANG_ENABLE_OBJC_ARC = YES;
				CLANG_WARN_BOOL_CONVERSION = YES;
				CLANG_WARN_CONSTANT_CONVERSION = YES;
				CLANG_WARN_DIRECT_OBJC_ISA_USAGE = YES_ERROR;
				CLANG_WARN_EMPTY_BODY = YES;
				CLANG_WARN_ENUM_CONVERSION = YES;
				CLANG_WARN_INT_CONVERSION = YES;
				CLANG_WARN_OBJC_ROOT_CLASS = YES_ERROR;
				CLANG_WARN_UNREACHABLE_CODE = YES;
				CLANG_WARN__DUPLICATE_METHOD_MATCH = YES;
				"CODE_SIGN_IDENTITY[sdk=iphoneos*]" = "iPhone Developer";
				COPY_PHASE_STRIP = NO;
				ENABLE_STRICT_OBJC_MSGSEND = YES;
				GCC_C_LANGUAGE_STANDARD = gnu99;
				GCC_DYNAMIC_NO_PIC = NO;
				GCC_OPTIMIZATION_LEVEL = 0;
				GCC_PREPROCESSOR_DEFINITIONS = (
					"DEBUG=1",
					"$(inherited)",
				);
				GCC_SYMBOLS_PRIVATE_EXTERN = NO;
				GCC_WARN_64_TO_32_BIT_CONVERSION = YES;
				GCC_WARN_ABOUT_RETURN_TYPE = YES_ERROR;
				GCC_WARN_UNDECLARED_SELECTOR = YES;
				GCC_WARN_UNINITIALIZED_AUTOS = YES_AGGRESSIVE;
				GCC_WARN_UNUSED_FUNCTION = YES;
				GCC_WARN_UNUSED_VARIABLE = YES;
				IPHONEOS_DEPLOYMENT_TARGET = 8.1;
				MTL_ENABLE_DEBUG_INFO = YES;
				ONLY_ACTIVE_ARCH = YES;
				SDKROOT = iphoneos;
				TARGETED_DEVICE_FAMILY = "1,2";
			};
			name = Debug;
		};
		AF8FAF2E1A743B8A00EE0934 /* Release */ = {
			isa = XCBuildConfiguration;
			buildSettings = {
				ALWAYS_SEARCH_USER_PATHS = NO;
				CLANG_CXX_LANGUAGE_STANDARD = "gnu++0x";
				CLANG_CXX_LIBRARY = "libc++";
				CLANG_ENABLE_MODULES = YES;
				CLANG_ENABLE_OBJC_ARC = YES;
				CLANG_WARN_BOOL_CONVERSION = YES;
				CLANG_WARN_CONSTANT_CONVERSION = YES;
				CLANG_WARN_DIRECT_OBJC_ISA_USAGE = YES_ERROR;
				CLANG_WARN_EMPTY_BODY = YES;
				CLANG_WARN_ENUM_CONVERSION = YES;
				CLANG_WARN_INT_CONVERSION = YES;
				CLANG_WARN_OBJC_ROOT_CLASS = YES_ERROR;
				CLANG_WARN_UNREACHABLE_CODE = YES;
				CLANG_WARN__DUPLICATE_METHOD_MATCH = YES;
				"CODE_SIGN_IDENTITY[sdk=iphoneos*]" = "iPhone Developer";
				COPY_PHASE_STRIP = YES;
				ENABLE_NS_ASSERTIONS = NO;
				ENABLE_STRICT_OBJC_MSGSEND = YES;
				GCC_C_LANGUAGE_STANDARD = gnu99;
				GCC_WARN_64_TO_32_BIT_CONVERSION = YES;
				GCC_WARN_ABOUT_RETURN_TYPE = YES_ERROR;
				GCC_WARN_UNDECLARED_SELECTOR = YES;
				GCC_WARN_UNINITIALIZED_AUTOS = YES_AGGRESSIVE;
				GCC_WARN_UNUSED_FUNCTION = YES;
				GCC_WARN_UNUSED_VARIABLE = YES;
				IPHONEOS_DEPLOYMENT_TARGET = 8.1;
				MTL_ENABLE_DEBUG_INFO = NO;
				SDKROOT = iphoneos;
				TARGETED_DEVICE_FAMILY = "1,2";
				VALIDATE_PRODUCT = YES;
			};
			name = Release;
		};
		AF8FAF301A743B8A00EE0934 /* Debug */ = {
			isa = XCBuildConfiguration;
			buildSettings = {
				ASSETCATALOG_COMPILER_APPICON_NAME = AppIcon;
				FRAMEWORK_SEARCH_PATHS = (
					"$(inherited)",
					"$(PROJECT_DIR)",
				);
				INFOPLIST_FILE = OnTime/Info.plist;
				LD_RUNPATH_SEARCH_PATHS = "$(inherited) @executable_path/Frameworks";
				PRODUCT_NAME = "$(TARGET_NAME)";
			};
			name = Debug;
		};
		AF8FAF311A743B8A00EE0934 /* Release */ = {
			isa = XCBuildConfiguration;
			buildSettings = {
				ASSETCATALOG_COMPILER_APPICON_NAME = AppIcon;
				FRAMEWORK_SEARCH_PATHS = (
					"$(inherited)",
					"$(PROJECT_DIR)",
				);
				INFOPLIST_FILE = OnTime/Info.plist;
				LD_RUNPATH_SEARCH_PATHS = "$(inherited) @executable_path/Frameworks";
				PRODUCT_NAME = "$(TARGET_NAME)";
			};
			name = Release;
		};
		AF8FAF331A743B8A00EE0934 /* Debug */ = {
			isa = XCBuildConfiguration;
			buildSettings = {
				BUNDLE_LOADER = "$(TEST_HOST)";
				FRAMEWORK_SEARCH_PATHS = (
					"$(SDKROOT)/Developer/Library/Frameworks",
					"$(inherited)",
				);
				GCC_PREPROCESSOR_DEFINITIONS = (
					"DEBUG=1",
					"$(inherited)",
				);
				INFOPLIST_FILE = OnTimeTests/Info.plist;
				LD_RUNPATH_SEARCH_PATHS = "$(inherited) @executable_path/Frameworks @loader_path/Frameworks";
				PRODUCT_NAME = "$(TARGET_NAME)";
				TEST_HOST = "$(BUILT_PRODUCTS_DIR)/OnTime.app/OnTime";
			};
			name = Debug;
		};
		AF8FAF341A743B8A00EE0934 /* Release */ = {
			isa = XCBuildConfiguration;
			buildSettings = {
				BUNDLE_LOADER = "$(TEST_HOST)";
				FRAMEWORK_SEARCH_PATHS = (
					"$(SDKROOT)/Developer/Library/Frameworks",
					"$(inherited)",
				);
				INFOPLIST_FILE = OnTimeTests/Info.plist;
				LD_RUNPATH_SEARCH_PATHS = "$(inherited) @executable_path/Frameworks @loader_path/Frameworks";
				PRODUCT_NAME = "$(TARGET_NAME)";
				TEST_HOST = "$(BUILT_PRODUCTS_DIR)/OnTime.app/OnTime";
			};
			name = Release;
		};
/* End XCBuildConfiguration section */

/* Begin XCConfigurationList section */
		AF8FAF041A743B8A00EE0934 /* Build configuration list for PBXProject "OnTime" */ = {
			isa = XCConfigurationList;
			buildConfigurations = (
				AF8FAF2D1A743B8A00EE0934 /* Debug */,
				AF8FAF2E1A743B8A00EE0934 /* Release */,
			);
			defaultConfigurationIsVisible = 0;
			defaultConfigurationName = Release;
		};
		AF8FAF2F1A743B8A00EE0934 /* Build configuration list for PBXNativeTarget "OnTime" */ = {
			isa = XCConfigurationList;
			buildConfigurations = (
				AF8FAF301A743B8A00EE0934 /* Debug */,
				AF8FAF311A743B8A00EE0934 /* Release */,
			);
			defaultConfigurationIsVisible = 0;
			defaultConfigurationName = Release;
		};
		AF8FAF321A743B8A00EE0934 /* Build configuration list for PBXNativeTarget "OnTimeTests" */ = {
			isa = XCConfigurationList;
			buildConfigurations = (
				AF8FAF331A743B8A00EE0934 /* Debug */,
				AF8FAF341A743B8A00EE0934 /* Release */,
			);
			defaultConfigurationIsVisible = 0;
			defaultConfigurationName = Release;
		};
/* End XCConfigurationList section */

/* Begin XCVersionGroup section */
		AF8FAF131A743B8A00EE0934 /* OnTime.xcdatamodeld */ = {
			isa = XCVersionGroup;
			children = (
				AF8FAF141A743B8A00EE0934 /* OnTime.xcdatamodel */,
			);
			currentVersion = AF8FAF141A743B8A00EE0934 /* OnTime.xcdatamodel */;
			path = OnTime.xcdatamodeld;
			sourceTree = "<group>";
			versionGroupType = wrapper.xcdatamodel;
		};
/* End XCVersionGroup section */
	};
	rootObject = AF8FAF011A743B8A00EE0934 /* Project object */;
}
